
Microsoft Visual Studio Solution File, Format Version 12.00
# Visual Studio Version 16
VisualStudioVersion = 16.0.31613.86
MinimumVisualStudioVersion = 10.0.40219.1
Project("{2150E333-8FDC-42A3-9474-1A3956D46DE8}") = "Microservice", "Microservice", "{556C6F7B-F8CF-40B0-97DB-FC0C102BFE49}"
EndProject
Project("{9A19103F-16F7-4668-BE54-9A1E7A4F7556}") = "UserMicroService", "UserMicroService\UserMicroService.csproj", "{D1A27003-C641-4185-85EA-1F47CD0874D3}"
EndProject
Project("{9A19103F-16F7-4668-BE54-9A1E7A4F7556}") = "AccountMicroservice", "AccountMicroservice\AccountMicroservice\AccountMicroservice.csproj", "{8D14EF1D-BDC5-4AB7-B556-38CFA51DBAC0}"
EndProject
Project("{9A19103F-16F7-4668-BE54-9A1E7A4F7556}") = "CustomerMicroService", "CustomerMicroService\CustomerMicroService.csproj", "{D7AC1C5D-6459-411B-8383-05D01030E470}"
EndProject
Project("{9A19103F-16F7-4668-BE54-9A1E7A4F7556}") = "RulesMicroservice", "RulesMicroservice\RulesMicroservice.csproj", "{68D82CA7-678A-4798-9E37-5EF082D020D4}"
EndProject
Project("{9A19103F-16F7-4668-BE54-9A1E7A4F7556}") = "TransactionMicroservice", "TransactionMicroservice\TransactionMicroservice.csproj", "{9D20D74F-B525-4ABB-B0B8-28EAE73DCE09}"
EndProject
Project("{9A19103F-16F7-4668-BE54-9A1E7A4F7556}") = "RetailBankAPIGateway", "RetailBankAPIGateway\RetailBankAPIGateway.csproj", "{BF2A5A29-60C5-47B7-B150-AB0F69870A22}"
EndProject
Project("{2150E333-8FDC-42A3-9474-1A3956D46DE8}") = "AccountAPI", "AccountAPI", "{2DB7785A-2C8A-4CBA-86F2-1E9247968E77}"
EndProject
Project("{2150E333-8FDC-42A3-9474-1A3956D46DE8}") = "CustomerAPI", "CustomerAPI", "{7C5A52CF-B6A5-447B-B418-545F1A1705FE}"
EndProject
Project("{2150E333-8FDC-42A3-9474-1A3956D46DE8}") = "RulesAPI", "RulesAPI", "{22CB94D3-7262-4017-9BF5-4EE72F8C04B1}"
EndProject
Project("{2150E333-8FDC-42A3-9474-1A3956D46DE8}") = "TranscationAPI", "TranscationAPI", "{F3C9CBC7-45AE-49CF-9942-7748D9B9738D}"
EndProject
Project("{2150E333-8FDC-42A3-9474-1A3956D46DE8}") = "UserAPI", "UserAPI", "{B4E36523-EB65-402C-A169-E492719E6078}"
EndProject
Global
	GlobalSection(SolutionConfigurationPlatforms) = preSolution
		Debug|Any CPU = Debug|Any CPU
		Release|Any CPU = Release|Any CPU
	EndGlobalSection
	GlobalSection(ProjectConfigurationPlatforms) = postSolution
		{D1A27003-C641-4185-85EA-1F47CD0874D3}.Debug|Any CPU.ActiveCfg = Debug|Any CPU
		{D1A27003-C641-4185-85EA-1F47CD0874D3}.Debug|Any CPU.Build.0 = Debug|Any CPU
		{D1A27003-C641-4185-85EA-1F47CD0874D3}.Release|Any CPU.ActiveCfg = Release|Any CPU
		{D1A27003-C641-4185-85EA-1F47CD0874D3}.Release|Any CPU.Build.0 = Release|Any CPU
		{8D14EF1D-BDC5-4AB7-B556-38CFA51DBAC0}.Debug|Any CPU.ActiveCfg = Debug|Any CPU
		{8D14EF1D-BDC5-4AB7-B556-38CFA51DBAC0}.Debug|Any CPU.Build.0 = Debug|Any CPU
		{8D14EF1D-BDC5-4AB7-B556-38CFA51DBAC0}.Release|Any CPU.ActiveCfg = Release|Any CPU
		{8D14EF1D-BDC5-4AB7-B556-38CFA51DBAC0}.Release|Any CPU.Build.0 = Release|Any CPU
		{D7AC1C5D-6459-411B-8383-05D01030E470}.Debug|Any CPU.ActiveCfg = Debug|Any CPU
		{D7AC1C5D-6459-411B-8383-05D01030E470}.Debug|Any CPU.Build.0 = Debug|Any CPU
		{D7AC1C5D-6459-411B-8383-05D01030E470}.Release|Any CPU.ActiveCfg = Release|Any CPU
		{D7AC1C5D-6459-411B-8383-05D01030E470}.Release|Any CPU.Build.0 = Release|Any CPU
		{68D82CA7-678A-4798-9E37-5EF082D020D4}.Debug|Any CPU.ActiveCfg = Debug|Any CPU
		{68D82CA7-678A-4798-9E37-5EF082D020D4}.Debug|Any CPU.Build.0 = Debug|Any CPU
		{68D82CA7-678A-4798-9E37-5EF082D020D4}.Release|Any CPU.ActiveCfg = Release|Any CPU
		{68D82CA7-678A-4798-9E37-5EF082D020D4}.Release|Any CPU.Build.0 = Release|Any CPU
		{9D20D74F-B525-4ABB-B0B8-28EAE73DCE09}.Debug|Any CPU.ActiveCfg = Debug|Any CPU
		{9D20D74F-B525-4ABB-B0B8-28EAE73DCE09}.Debug|Any CPU.Build.0 = Debug|Any CPU
		{9D20D74F-B525-4ABB-B0B8-28EAE73DCE09}.Release|Any CPU.ActiveCfg = Release|Any CPU
		{9D20D74F-B525-4ABB-B0B8-28EAE73DCE09}.Release|Any CPU.Build.0 = Release|Any CPU
		{BF2A5A29-60C5-47B7-B150-AB0F69870A22}.Debug|Any CPU.ActiveCfg = Debug|Any CPU
		{BF2A5A29-60C5-47B7-B150-AB0F69870A22}.Debug|Any CPU.Build.0 = Debug|Any CPU
		{BF2A5A29-60C5-47B7-B150-AB0F69870A22}.Release|Any CPU.ActiveCfg = Release|Any CPU
		{BF2A5A29-60C5-47B7-B150-AB0F69870A22}.Release|Any CPU.Build.0 = Release|Any CPU
	EndGlobalSection
	GlobalSection(SolutionProperties) = preSolution
		HideSolutionNode = FALSE
	EndGlobalSection
	GlobalSection(NestedProjects) = preSolution
		{D1A27003-C641-4185-85EA-1F47CD0874D3} = {B4E36523-EB65-402C-A169-E492719E6078}
		{8D14EF1D-BDC5-4AB7-B556-38CFA51DBAC0} = {2DB7785A-2C8A-4CBA-86F2-1E9247968E77}
		{D7AC1C5D-6459-411B-8383-05D01030E470} = {7C5A52CF-B6A5-447B-B418-545F1A1705FE}
		{68D82CA7-678A-4798-9E37-5EF082D020D4} = {22CB94D3-7262-4017-9BF5-4EE72F8C04B1}
		{9D20D74F-B525-4ABB-B0B8-28EAE73DCE09} = {F3C9CBC7-45AE-49CF-9942-7748D9B9738D}
		{2DB7785A-2C8A-4CBA-86F2-1E9247968E77} = {556C6F7B-F8CF-40B0-97DB-FC0C102BFE49}
		{7C5A52CF-B6A5-447B-B418-545F1A1705FE} = {556C6F7B-F8CF-40B0-97DB-FC0C102BFE49}
		{22CB94D3-7262-4017-9BF5-4EE72F8C04B1} = {556C6F7B-F8CF-40B0-97DB-FC0C102BFE49}
		{F3C9CBC7-45AE-49CF-9942-7748D9B9738D} = {556C6F7B-F8CF-40B0-97DB-FC0C102BFE49}
		{B4E36523-EB65-402C-A169-E492719E6078} = {556C6F7B-F8CF-40B0-97DB-FC0C102BFE49}
	EndGlobalSection
	GlobalSection(ExtensibilityGlobals) = postSolution
		SolutionGuid = {720C61B0-F251-4D65-BEC1-DFF86230B208}
	EndGlobalSection
EndGlobal
