
Microsoft Visual Studio Solution File, Format Version 12.00
# Visual Studio Version 16
VisualStudioVersion = 16.0.31613.86
MinimumVisualStudioVersion = 10.0.40219.1
Project("{2150E333-8FDC-42A3-9474-1A3956D46DE8}") = "Microservice", "Microservice", "{556C6F7B-F8CF-40B0-97DB-FC0C102BFE49}"
EndProject
Project("{9A19103F-16F7-4668-BE54-9A1E7A4F7556}") = "UserMicroService", "UserMicroService\UserMicroService.csproj", "{B0429547-681A-48AD-85E7-E6457A5A9064}"
EndProject
Project("{9A19103F-16F7-4668-BE54-9A1E7A4F7556}") = "CustomerMicroService", "CustomerMicroService\CustomerMicroService.csproj", "{09FA2D4E-8B07-433C-A18D-9D10B233A340}"
EndProject
Project("{9A19103F-16F7-4668-BE54-9A1E7A4F7556}") = "AccountMicroservice", "AccountMicroservice\AccountMicroservice\AccountMicroservice.csproj", "{B1D02254-5B0A-4AEF-83F8-666EA8C35E9D}"
EndProject
Project("{9A19103F-16F7-4668-BE54-9A1E7A4F7556}") = "RulesMicroservice", "RulesMicroservice\RulesMicroservice.csproj", "{23154AF7-8A35-4668-A11D-F2E8867EC5A5}"
EndProject
Project("{9A19103F-16F7-4668-BE54-9A1E7A4F7556}") = "TransactionMicroservice", "TransactionMicroservice\TransactionMicroservice.csproj", "{C493F50A-ABDF-41B7-A33E-45DBEC312DEF}"
EndProject
Project("{2150E333-8FDC-42A3-9474-1A3956D46DE8}") = "Microservice.Test", "Microservice.Test", "{A92D6CDF-CF5A-4E1C-A564-12383862EE32}"
EndProject
Project("{9A19103F-16F7-4668-BE54-9A1E7A4F7556}") = "CustomerTest", "CustomerTest\CustomerTest.csproj", "{2706BCCB-ECB9-40E1-91CD-57817CEF77A1}"
EndProject
Project("{9A19103F-16F7-4668-BE54-9A1E7A4F7556}") = "AccountTest", "AccountTest\AccountTest.csproj", "{B261E9FE-6100-4110-8685-D5C1C36E70FF}"
EndProject
Project("{9A19103F-16F7-4668-BE54-9A1E7A4F7556}") = "RulesMicroservice.Test", "RulesMicroservice.Test\RulesMicroservice.Test.csproj", "{4FE3FB5A-C96B-4A14-8823-621AE4CB70C8}"
EndProject
Project("{9A19103F-16F7-4668-BE54-9A1E7A4F7556}") = "TransactionTests", "TransactionTests\TransactionTests.csproj", "{AA67F56A-606C-4CB5-A289-034C13F4AE70}"
EndProject
Project("{9A19103F-16F7-4668-BE54-9A1E7A4F7556}") = "RetailBankAPIGateway", "RetailBankAPIGateway\RetailBankAPIGateway.csproj", "{8D61EF4B-4BBF-4D29-8E01-BA468C00F27A}"
EndProject
Project("{9A19103F-16F7-4668-BE54-9A1E7A4F7556}") = "Retail_Bank_UI", "Retail_Bank_UI\Retail_Bank_UI.csproj", "{BABBFB53-48C6-4BC2-AEAD-3CD8B5DB1D9F}"
EndProject
Global
	GlobalSection(SolutionConfigurationPlatforms) = preSolution
		Debug|Any CPU = Debug|Any CPU
		Release|Any CPU = Release|Any CPU
	EndGlobalSection
	GlobalSection(ProjectConfigurationPlatforms) = postSolution
		{B0429547-681A-48AD-85E7-E6457A5A9064}.Debug|Any CPU.ActiveCfg = Debug|Any CPU
		{B0429547-681A-48AD-85E7-E6457A5A9064}.Debug|Any CPU.Build.0 = Debug|Any CPU
		{B0429547-681A-48AD-85E7-E6457A5A9064}.Release|Any CPU.ActiveCfg = Release|Any CPU
		{B0429547-681A-48AD-85E7-E6457A5A9064}.Release|Any CPU.Build.0 = Release|Any CPU
		{09FA2D4E-8B07-433C-A18D-9D10B233A340}.Debug|Any CPU.ActiveCfg = Debug|Any CPU
		{09FA2D4E-8B07-433C-A18D-9D10B233A340}.Debug|Any CPU.Build.0 = Debug|Any CPU
		{09FA2D4E-8B07-433C-A18D-9D10B233A340}.Release|Any CPU.ActiveCfg = Release|Any CPU
		{09FA2D4E-8B07-433C-A18D-9D10B233A340}.Release|Any CPU.Build.0 = Release|Any CPU
		{B1D02254-5B0A-4AEF-83F8-666EA8C35E9D}.Debug|Any CPU.ActiveCfg = Debug|Any CPU
		{B1D02254-5B0A-4AEF-83F8-666EA8C35E9D}.Debug|Any CPU.Build.0 = Debug|Any CPU
		{B1D02254-5B0A-4AEF-83F8-666EA8C35E9D}.Release|Any CPU.ActiveCfg = Release|Any CPU
		{B1D02254-5B0A-4AEF-83F8-666EA8C35E9D}.Release|Any CPU.Build.0 = Release|Any CPU
		{23154AF7-8A35-4668-A11D-F2E8867EC5A5}.Debug|Any CPU.ActiveCfg = Debug|Any CPU
		{23154AF7-8A35-4668-A11D-F2E8867EC5A5}.Debug|Any CPU.Build.0 = Debug|Any CPU
		{23154AF7-8A35-4668-A11D-F2E8867EC5A5}.Release|Any CPU.ActiveCfg = Release|Any CPU
		{23154AF7-8A35-4668-A11D-F2E8867EC5A5}.Release|Any CPU.Build.0 = Release|Any CPU
		{C493F50A-ABDF-41B7-A33E-45DBEC312DEF}.Debug|Any CPU.ActiveCfg = Debug|Any CPU
		{C493F50A-ABDF-41B7-A33E-45DBEC312DEF}.Debug|Any CPU.Build.0 = Debug|Any CPU
		{C493F50A-ABDF-41B7-A33E-45DBEC312DEF}.Release|Any CPU.ActiveCfg = Release|Any CPU
		{C493F50A-ABDF-41B7-A33E-45DBEC312DEF}.Release|Any CPU.Build.0 = Release|Any CPU
		{2706BCCB-ECB9-40E1-91CD-57817CEF77A1}.Debug|Any CPU.ActiveCfg = Debug|Any CPU
		{2706BCCB-ECB9-40E1-91CD-57817CEF77A1}.Debug|Any CPU.Build.0 = Debug|Any CPU
		{2706BCCB-ECB9-40E1-91CD-57817CEF77A1}.Release|Any CPU.ActiveCfg = Release|Any CPU
		{2706BCCB-ECB9-40E1-91CD-57817CEF77A1}.Release|Any CPU.Build.0 = Release|Any CPU
		{B261E9FE-6100-4110-8685-D5C1C36E70FF}.Debug|Any CPU.ActiveCfg = Debug|Any CPU
		{B261E9FE-6100-4110-8685-D5C1C36E70FF}.Debug|Any CPU.Build.0 = Debug|Any CPU
		{B261E9FE-6100-4110-8685-D5C1C36E70FF}.Release|Any CPU.ActiveCfg = Release|Any CPU
		{B261E9FE-6100-4110-8685-D5C1C36E70FF}.Release|Any CPU.Build.0 = Release|Any CPU
		{4FE3FB5A-C96B-4A14-8823-621AE4CB70C8}.Debug|Any CPU.ActiveCfg = Debug|Any CPU
		{4FE3FB5A-C96B-4A14-8823-621AE4CB70C8}.Debug|Any CPU.Build.0 = Debug|Any CPU
		{4FE3FB5A-C96B-4A14-8823-621AE4CB70C8}.Release|Any CPU.ActiveCfg = Release|Any CPU
		{4FE3FB5A-C96B-4A14-8823-621AE4CB70C8}.Release|Any CPU.Build.0 = Release|Any CPU
		{AA67F56A-606C-4CB5-A289-034C13F4AE70}.Debug|Any CPU.ActiveCfg = Debug|Any CPU
		{AA67F56A-606C-4CB5-A289-034C13F4AE70}.Debug|Any CPU.Build.0 = Debug|Any CPU
		{AA67F56A-606C-4CB5-A289-034C13F4AE70}.Release|Any CPU.ActiveCfg = Release|Any CPU
		{AA67F56A-606C-4CB5-A289-034C13F4AE70}.Release|Any CPU.Build.0 = Release|Any CPU
		{8D61EF4B-4BBF-4D29-8E01-BA468C00F27A}.Debug|Any CPU.ActiveCfg = Debug|Any CPU
		{8D61EF4B-4BBF-4D29-8E01-BA468C00F27A}.Debug|Any CPU.Build.0 = Debug|Any CPU
		{8D61EF4B-4BBF-4D29-8E01-BA468C00F27A}.Release|Any CPU.ActiveCfg = Release|Any CPU
		{8D61EF4B-4BBF-4D29-8E01-BA468C00F27A}.Release|Any CPU.Build.0 = Release|Any CPU
		{BABBFB53-48C6-4BC2-AEAD-3CD8B5DB1D9F}.Debug|Any CPU.ActiveCfg = Debug|Any CPU
		{BABBFB53-48C6-4BC2-AEAD-3CD8B5DB1D9F}.Debug|Any CPU.Build.0 = Debug|Any CPU
		{BABBFB53-48C6-4BC2-AEAD-3CD8B5DB1D9F}.Release|Any CPU.ActiveCfg = Release|Any CPU
		{BABBFB53-48C6-4BC2-AEAD-3CD8B5DB1D9F}.Release|Any CPU.Build.0 = Release|Any CPU
	EndGlobalSection
	GlobalSection(SolutionProperties) = preSolution
		HideSolutionNode = FALSE
	EndGlobalSection
	GlobalSection(NestedProjects) = preSolution
		{B0429547-681A-48AD-85E7-E6457A5A9064} = {556C6F7B-F8CF-40B0-97DB-FC0C102BFE49}
		{09FA2D4E-8B07-433C-A18D-9D10B233A340} = {556C6F7B-F8CF-40B0-97DB-FC0C102BFE49}
		{B1D02254-5B0A-4AEF-83F8-666EA8C35E9D} = {556C6F7B-F8CF-40B0-97DB-FC0C102BFE49}
		{23154AF7-8A35-4668-A11D-F2E8867EC5A5} = {556C6F7B-F8CF-40B0-97DB-FC0C102BFE49}
		{C493F50A-ABDF-41B7-A33E-45DBEC312DEF} = {556C6F7B-F8CF-40B0-97DB-FC0C102BFE49}
		{2706BCCB-ECB9-40E1-91CD-57817CEF77A1} = {A92D6CDF-CF5A-4E1C-A564-12383862EE32}
		{B261E9FE-6100-4110-8685-D5C1C36E70FF} = {A92D6CDF-CF5A-4E1C-A564-12383862EE32}
		{4FE3FB5A-C96B-4A14-8823-621AE4CB70C8} = {A92D6CDF-CF5A-4E1C-A564-12383862EE32}
		{AA67F56A-606C-4CB5-A289-034C13F4AE70} = {A92D6CDF-CF5A-4E1C-A564-12383862EE32}
	EndGlobalSection
	GlobalSection(ExtensibilityGlobals) = postSolution
		SolutionGuid = {720C61B0-F251-4D65-BEC1-DFF86230B208}
	EndGlobalSection
EndGlobal
