
Microsoft Visual Studio Solution File, Format Version 12.00
# Visual Studio Version 16
VisualStudioVersion = 16.0.31613.86
MinimumVisualStudioVersion = 10.0.40219.1
Project("{2150E333-8FDC-42A3-9474-1A3956D46DE8}") = "Microservice", "Microservice", "{556C6F7B-F8CF-40B0-97DB-FC0C102BFE49}"
EndProject
Project("{9A19103F-16F7-4668-BE54-9A1E7A4F7556}") = "AccountMicroservice", "AccountMicroservice\AccountMicroservice\AccountMicroservice.csproj", "{8D14EF1D-BDC5-4AB7-B556-38CFA51DBAC0}"
EndProject
Project("{2150E333-8FDC-42A3-9474-1A3956D46DE8}") = "AccountAPI", "AccountAPI", "{2DB7785A-2C8A-4CBA-86F2-1E9247968E77}"
EndProject
Project("{9A19103F-16F7-4668-BE54-9A1E7A4F7556}") = "CustomerMicroService", "CustomerMicroService\CustomerMicroService.csproj", "{F40A91FE-81D4-4420-9AEB-DF7B9E25FB58}"
EndProject
Project("{9A19103F-16F7-4668-BE54-9A1E7A4F7556}") = "RulesMicroservice", "RulesMicroservice\RulesMicroservice.csproj", "{C0DFE1FC-D5A0-42D2-9BE9-BA1E6256F026}"
EndProject
Project("{9A19103F-16F7-4668-BE54-9A1E7A4F7556}") = "TransactionMicroservice", "TransactionMicroservice\TransactionMicroservice.csproj", "{3DBD5243-6FFF-4087-8799-CE708D98C9A9}"
EndProject
Project("{9A19103F-16F7-4668-BE54-9A1E7A4F7556}") = "UserMicroService", "UserMicroService\UserMicroService.csproj", "{DAF3A45A-5DBC-4082-B594-AE42AE3DC48B}"
EndProject
Project("{9A19103F-16F7-4668-BE54-9A1E7A4F7556}") = "RetailBankAPIGateway", "RetailBankAPIGateway\RetailBankAPIGateway.csproj", "{86021A2F-3B96-4A14-8856-4CAD78B8D9C5}"
EndProject
Global
	GlobalSection(SolutionConfigurationPlatforms) = preSolution
		Debug|Any CPU = Debug|Any CPU
		Release|Any CPU = Release|Any CPU
	EndGlobalSection
	GlobalSection(ProjectConfigurationPlatforms) = postSolution
		{8D14EF1D-BDC5-4AB7-B556-38CFA51DBAC0}.Debug|Any CPU.ActiveCfg = Debug|Any CPU
		{8D14EF1D-BDC5-4AB7-B556-38CFA51DBAC0}.Debug|Any CPU.Build.0 = Debug|Any CPU
		{8D14EF1D-BDC5-4AB7-B556-38CFA51DBAC0}.Release|Any CPU.ActiveCfg = Release|Any CPU
		{8D14EF1D-BDC5-4AB7-B556-38CFA51DBAC0}.Release|Any CPU.Build.0 = Release|Any CPU
		{F40A91FE-81D4-4420-9AEB-DF7B9E25FB58}.Debug|Any CPU.ActiveCfg = Debug|Any CPU
		{F40A91FE-81D4-4420-9AEB-DF7B9E25FB58}.Debug|Any CPU.Build.0 = Debug|Any CPU
		{F40A91FE-81D4-4420-9AEB-DF7B9E25FB58}.Release|Any CPU.ActiveCfg = Release|Any CPU
		{F40A91FE-81D4-4420-9AEB-DF7B9E25FB58}.Release|Any CPU.Build.0 = Release|Any CPU
		{C0DFE1FC-D5A0-42D2-9BE9-BA1E6256F026}.Debug|Any CPU.ActiveCfg = Debug|Any CPU
		{C0DFE1FC-D5A0-42D2-9BE9-BA1E6256F026}.Debug|Any CPU.Build.0 = Debug|Any CPU
		{C0DFE1FC-D5A0-42D2-9BE9-BA1E6256F026}.Release|Any CPU.ActiveCfg = Release|Any CPU
		{C0DFE1FC-D5A0-42D2-9BE9-BA1E6256F026}.Release|Any CPU.Build.0 = Release|Any CPU
		{3DBD5243-6FFF-4087-8799-CE708D98C9A9}.Debug|Any CPU.ActiveCfg = Debug|Any CPU
		{3DBD5243-6FFF-4087-8799-CE708D98C9A9}.Debug|Any CPU.Build.0 = Debug|Any CPU
		{3DBD5243-6FFF-4087-8799-CE708D98C9A9}.Release|Any CPU.ActiveCfg = Release|Any CPU
		{3DBD5243-6FFF-4087-8799-CE708D98C9A9}.Release|Any CPU.Build.0 = Release|Any CPU
		{DAF3A45A-5DBC-4082-B594-AE42AE3DC48B}.Debug|Any CPU.ActiveCfg = Debug|Any CPU
		{DAF3A45A-5DBC-4082-B594-AE42AE3DC48B}.Debug|Any CPU.Build.0 = Debug|Any CPU
		{DAF3A45A-5DBC-4082-B594-AE42AE3DC48B}.Release|Any CPU.ActiveCfg = Release|Any CPU
		{DAF3A45A-5DBC-4082-B594-AE42AE3DC48B}.Release|Any CPU.Build.0 = Release|Any CPU
		{86021A2F-3B96-4A14-8856-4CAD78B8D9C5}.Debug|Any CPU.ActiveCfg = Debug|Any CPU
		{86021A2F-3B96-4A14-8856-4CAD78B8D9C5}.Debug|Any CPU.Build.0 = Debug|Any CPU
		{86021A2F-3B96-4A14-8856-4CAD78B8D9C5}.Release|Any CPU.ActiveCfg = Release|Any CPU
		{86021A2F-3B96-4A14-8856-4CAD78B8D9C5}.Release|Any CPU.Build.0 = Release|Any CPU
	EndGlobalSection
	GlobalSection(SolutionProperties) = preSolution
		HideSolutionNode = FALSE
	EndGlobalSection
	GlobalSection(NestedProjects) = preSolution
		{8D14EF1D-BDC5-4AB7-B556-38CFA51DBAC0} = {2DB7785A-2C8A-4CBA-86F2-1E9247968E77}
		{2DB7785A-2C8A-4CBA-86F2-1E9247968E77} = {556C6F7B-F8CF-40B0-97DB-FC0C102BFE49}
		{F40A91FE-81D4-4420-9AEB-DF7B9E25FB58} = {556C6F7B-F8CF-40B0-97DB-FC0C102BFE49}
		{C0DFE1FC-D5A0-42D2-9BE9-BA1E6256F026} = {556C6F7B-F8CF-40B0-97DB-FC0C102BFE49}
		{3DBD5243-6FFF-4087-8799-CE708D98C9A9} = {556C6F7B-F8CF-40B0-97DB-FC0C102BFE49}
		{DAF3A45A-5DBC-4082-B594-AE42AE3DC48B} = {556C6F7B-F8CF-40B0-97DB-FC0C102BFE49}
	EndGlobalSection
	GlobalSection(ExtensibilityGlobals) = postSolution
		SolutionGuid = {720C61B0-F251-4D65-BEC1-DFF86230B208}
	EndGlobalSection
EndGlobal
