
Microsoft Visual Studio Solution File, Format Version 12.00
# Visual Studio Version 16
VisualStudioVersion = 16.0.31613.86
MinimumVisualStudioVersion = 10.0.40219.1
Project("{2150E333-8FDC-42A3-9474-1A3956D46DE8}") = "Microservice", "Microservice", "{556C6F7B-F8CF-40B0-97DB-FC0C102BFE49}"
EndProject
Project("{9A19103F-16F7-4668-BE54-9A1E7A4F7556}") = "AccountMicroservice", "AccountMicroservice\AccountMicroservice\AccountMicroservice.csproj", "{8D14EF1D-BDC5-4AB7-B556-38CFA51DBAC0}"
EndProject
Project("{2150E333-8FDC-42A3-9474-1A3956D46DE8}") = "AccountAPI", "AccountAPI", "{2DB7785A-2C8A-4CBA-86F2-1E9247968E77}"
EndProject
Project("{9A19103F-16F7-4668-BE54-9A1E7A4F7556}") = "CustomerMicroService", "CustomerMicroService\CustomerMicroService.csproj", "{59D65606-EA5A-4806-945F-E89981F1E797}"
EndProject
Project("{9A19103F-16F7-4668-BE54-9A1E7A4F7556}") = "RulesMicroservice", "RulesMicroservice\RulesMicroservice.csproj", "{7869AED7-1AD7-4E6A-87C7-32BF63FEF8DE}"
EndProject
Project("{9A19103F-16F7-4668-BE54-9A1E7A4F7556}") = "TransactionMicroservice", "TransactionMicroservice\TransactionMicroservice.csproj", "{91B49060-C375-49FA-A5CA-7EB2DD200A73}"
EndProject
Project("{9A19103F-16F7-4668-BE54-9A1E7A4F7556}") = "UserMicroService", "UserMicroService\UserMicroService.csproj", "{B0429547-681A-48AD-85E7-E6457A5A9064}"
EndProject
Project("{9A19103F-16F7-4668-BE54-9A1E7A4F7556}") = "RetailBankAPIGateway", "RetailBankAPIGateway\RetailBankAPIGateway.csproj", "{6D70411F-3179-4B64-B112-E91279189FE4}"
EndProject
Project("{2150E333-8FDC-42A3-9474-1A3956D46DE8}") = "Microservice.Test", "Microservice.Test", "{AAA5BCCD-98FA-4005-8A92-40FE1676DB52}"
EndProject
Project("{9A19103F-16F7-4668-BE54-9A1E7A4F7556}") = "TransactionTests", "TransactionTests\TransactionTests.csproj", "{DF9DE94B-9E72-4624-8E9A-C2A886AA00F4}"
EndProject
Project("{FAE04EC0-301F-11D3-BF4B-00C04F79EFBC}") = "RulesMicroservice.Test", "RulesMicroservice.Test\RulesMicroservice.Test.csproj", "{F5BA7514-E336-4D54-B2D3-8A1FA9B4F3D5}"
EndProject
Global
	GlobalSection(SolutionConfigurationPlatforms) = preSolution
		Debug|Any CPU = Debug|Any CPU
		Release|Any CPU = Release|Any CPU
	EndGlobalSection
	GlobalSection(ProjectConfigurationPlatforms) = postSolution
		{8D14EF1D-BDC5-4AB7-B556-38CFA51DBAC0}.Debug|Any CPU.ActiveCfg = Debug|Any CPU
		{8D14EF1D-BDC5-4AB7-B556-38CFA51DBAC0}.Debug|Any CPU.Build.0 = Debug|Any CPU
		{8D14EF1D-BDC5-4AB7-B556-38CFA51DBAC0}.Release|Any CPU.ActiveCfg = Release|Any CPU
		{8D14EF1D-BDC5-4AB7-B556-38CFA51DBAC0}.Release|Any CPU.Build.0 = Release|Any CPU
		{59D65606-EA5A-4806-945F-E89981F1E797}.Debug|Any CPU.ActiveCfg = Debug|Any CPU
		{59D65606-EA5A-4806-945F-E89981F1E797}.Debug|Any CPU.Build.0 = Debug|Any CPU
		{59D65606-EA5A-4806-945F-E89981F1E797}.Release|Any CPU.ActiveCfg = Release|Any CPU
		{59D65606-EA5A-4806-945F-E89981F1E797}.Release|Any CPU.Build.0 = Release|Any CPU
		{7869AED7-1AD7-4E6A-87C7-32BF63FEF8DE}.Debug|Any CPU.ActiveCfg = Debug|Any CPU
		{7869AED7-1AD7-4E6A-87C7-32BF63FEF8DE}.Debug|Any CPU.Build.0 = Debug|Any CPU
		{7869AED7-1AD7-4E6A-87C7-32BF63FEF8DE}.Release|Any CPU.ActiveCfg = Release|Any CPU
		{7869AED7-1AD7-4E6A-87C7-32BF63FEF8DE}.Release|Any CPU.Build.0 = Release|Any CPU
		{91B49060-C375-49FA-A5CA-7EB2DD200A73}.Debug|Any CPU.ActiveCfg = Debug|Any CPU
		{91B49060-C375-49FA-A5CA-7EB2DD200A73}.Debug|Any CPU.Build.0 = Debug|Any CPU
		{91B49060-C375-49FA-A5CA-7EB2DD200A73}.Release|Any CPU.ActiveCfg = Release|Any CPU
		{91B49060-C375-49FA-A5CA-7EB2DD200A73}.Release|Any CPU.Build.0 = Release|Any CPU
		{B0429547-681A-48AD-85E7-E6457A5A9064}.Debug|Any CPU.ActiveCfg = Debug|Any CPU
		{B0429547-681A-48AD-85E7-E6457A5A9064}.Debug|Any CPU.Build.0 = Debug|Any CPU
		{B0429547-681A-48AD-85E7-E6457A5A9064}.Release|Any CPU.ActiveCfg = Release|Any CPU
		{B0429547-681A-48AD-85E7-E6457A5A9064}.Release|Any CPU.Build.0 = Release|Any CPU
		{6D70411F-3179-4B64-B112-E91279189FE4}.Debug|Any CPU.ActiveCfg = Debug|Any CPU
		{6D70411F-3179-4B64-B112-E91279189FE4}.Debug|Any CPU.Build.0 = Debug|Any CPU
		{6D70411F-3179-4B64-B112-E91279189FE4}.Release|Any CPU.ActiveCfg = Release|Any CPU
		{6D70411F-3179-4B64-B112-E91279189FE4}.Release|Any CPU.Build.0 = Release|Any CPU
		{DF9DE94B-9E72-4624-8E9A-C2A886AA00F4}.Debug|Any CPU.ActiveCfg = Debug|Any CPU
		{DF9DE94B-9E72-4624-8E9A-C2A886AA00F4}.Debug|Any CPU.Build.0 = Debug|Any CPU
		{DF9DE94B-9E72-4624-8E9A-C2A886AA00F4}.Release|Any CPU.ActiveCfg = Release|Any CPU
		{DF9DE94B-9E72-4624-8E9A-C2A886AA00F4}.Release|Any CPU.Build.0 = Release|Any CPU
		{F5BA7514-E336-4D54-B2D3-8A1FA9B4F3D5}.Debug|Any CPU.ActiveCfg = Debug|Any CPU
		{F5BA7514-E336-4D54-B2D3-8A1FA9B4F3D5}.Debug|Any CPU.Build.0 = Debug|Any CPU
		{F5BA7514-E336-4D54-B2D3-8A1FA9B4F3D5}.Release|Any CPU.ActiveCfg = Release|Any CPU
		{F5BA7514-E336-4D54-B2D3-8A1FA9B4F3D5}.Release|Any CPU.Build.0 = Release|Any CPU
	EndGlobalSection
	GlobalSection(SolutionProperties) = preSolution
		HideSolutionNode = FALSE
	EndGlobalSection
	GlobalSection(NestedProjects) = preSolution
		{8D14EF1D-BDC5-4AB7-B556-38CFA51DBAC0} = {2DB7785A-2C8A-4CBA-86F2-1E9247968E77}
		{2DB7785A-2C8A-4CBA-86F2-1E9247968E77} = {556C6F7B-F8CF-40B0-97DB-FC0C102BFE49}
		{59D65606-EA5A-4806-945F-E89981F1E797} = {556C6F7B-F8CF-40B0-97DB-FC0C102BFE49}
		{7869AED7-1AD7-4E6A-87C7-32BF63FEF8DE} = {556C6F7B-F8CF-40B0-97DB-FC0C102BFE49}
		{91B49060-C375-49FA-A5CA-7EB2DD200A73} = {556C6F7B-F8CF-40B0-97DB-FC0C102BFE49}
		{B0429547-681A-48AD-85E7-E6457A5A9064} = {556C6F7B-F8CF-40B0-97DB-FC0C102BFE49}
		{DF9DE94B-9E72-4624-8E9A-C2A886AA00F4} = {AAA5BCCD-98FA-4005-8A92-40FE1676DB52}
		{F5BA7514-E336-4D54-B2D3-8A1FA9B4F3D5} = {AAA5BCCD-98FA-4005-8A92-40FE1676DB52}
	EndGlobalSection
	GlobalSection(ExtensibilityGlobals) = postSolution
		SolutionGuid = {720C61B0-F251-4D65-BEC1-DFF86230B208}
	EndGlobalSection
EndGlobal
